
Microsoft Visual Studio Solution File, Format Version 12.00
Project("{FAE04EC0-301F-11D3-BF4B-00C04F79EFBC}") = "Shared", "Shared\Shared.csproj", "{63AF5D39-1FE9-4147-A360-66085DCFBA1F}"
EndProject
Global
	GlobalSection(SolutionConfigurationPlatforms) = preSolution
		Debug|Any CPU = Debug|Any CPU
		Release|Any CPU = Release|Any CPU
	EndGlobalSection
	GlobalSection(ProjectConfigurationPlatforms) = postSolution
		{63AF5D39-1FE9-4147-A360-66085DCFBA1F}.Debug|Any CPU.ActiveCfg = Debug|Any CPU
		{63AF5D39-1FE9-4147-A360-66085DCFBA1F}.Debug|Any CPU.Build.0 = Debug|Any CPU
		{63AF5D39-1FE9-4147-A360-66085DCFBA1F}.Release|Any CPU.ActiveCfg = Release|Any CPU
		{63AF5D39-1FE9-4147-A360-66085DCFBA1F}.Release|Any CPU.Build.0 = Release|Any CPU
	EndGlobalSection
EndGlobal
